
Microsoft Visual Studio Solution File, Format Version 12.00
# Visual Studio Version 17
VisualStudioVersion = 17.3.32929.385
MinimumVisualStudioVersion = 10.0.40219.1
Project("{FAE04EC0-301F-11D3-BF4B-00C04F79EFBC}") = "5-6", "5-6\5-6.csproj", "{ADC5B7BF-17C8-4E22-B10F-6DED98FEF2D2}"
EndProject
Global
	GlobalSection(SolutionConfigurationPlatforms) = preSolution
		Debug|Any CPU = Debug|Any CPU
		Release|Any CPU = Release|Any CPU
	EndGlobalSection
	GlobalSection(ProjectConfigurationPlatforms) = postSolution
		{ADC5B7BF-17C8-4E22-B10F-6DED98FEF2D2}.Debug|Any CPU.ActiveCfg = Debug|Any CPU
		{ADC5B7BF-17C8-4E22-B10F-6DED98FEF2D2}.Debug|Any CPU.Build.0 = Debug|Any CPU
		{ADC5B7BF-17C8-4E22-B10F-6DED98FEF2D2}.Release|Any CPU.ActiveCfg = Release|Any CPU
		{ADC5B7BF-17C8-4E22-B10F-6DED98FEF2D2}.Release|Any CPU.Build.0 = Release|Any CPU
	EndGlobalSection
	GlobalSection(SolutionProperties) = preSolution
		HideSolutionNode = FALSE
	EndGlobalSection
	GlobalSection(ExtensibilityGlobals) = postSolution
		SolutionGuid = {9A4F68F3-EF0D-4E4F-BD95-F7EF3DF37949}
	EndGlobalSection
EndGlobal
