
Microsoft Visual Studio Solution File, Format Version 12.00
# Visual Studio Version 17
VisualStudioVersion = 17.3.32929.385
MinimumVisualStudioVersion = 10.0.40219.1
Project("{FAE04EC0-301F-11D3-BF4B-00C04F79EFBC}") = "work2", "work2\work2.csproj", "{058A12CA-99B7-4EAB-AF32-F3ED651E6EE5}"
EndProject
Global
	GlobalSection(SolutionConfigurationPlatforms) = preSolution
		Debug|Any CPU = Debug|Any CPU
		Release|Any CPU = Release|Any CPU
	EndGlobalSection
	GlobalSection(ProjectConfigurationPlatforms) = postSolution
		{058A12CA-99B7-4EAB-AF32-F3ED651E6EE5}.Debug|Any CPU.ActiveCfg = Debug|Any CPU
		{058A12CA-99B7-4EAB-AF32-F3ED651E6EE5}.Debug|Any CPU.Build.0 = Debug|Any CPU
		{058A12CA-99B7-4EAB-AF32-F3ED651E6EE5}.Release|Any CPU.ActiveCfg = Release|Any CPU
		{058A12CA-99B7-4EAB-AF32-F3ED651E6EE5}.Release|Any CPU.Build.0 = Release|Any CPU
	EndGlobalSection
	GlobalSection(SolutionProperties) = preSolution
		HideSolutionNode = FALSE
	EndGlobalSection
	GlobalSection(ExtensibilityGlobals) = postSolution
		SolutionGuid = {A954B2C6-A63E-4899-A295-A3965814E2CA}
	EndGlobalSection
EndGlobal
