
Microsoft Visual Studio Solution File, Format Version 12.00
# Visual Studio Version 17
VisualStudioVersion = 17.3.32929.385
MinimumVisualStudioVersion = 10.0.40219.1
Project("{FAE04EC0-301F-11D3-BF4B-00C04F79EFBC}") = "4-13 re", "4-13 re\4-13 re.csproj", "{BA5B7A6C-6B69-4F88-9BF5-F0CD96F2C9D1}"
EndProject
Global
	GlobalSection(SolutionConfigurationPlatforms) = preSolution
		Debug|Any CPU = Debug|Any CPU
		Release|Any CPU = Release|Any CPU
	EndGlobalSection
	GlobalSection(ProjectConfigurationPlatforms) = postSolution
		{BA5B7A6C-6B69-4F88-9BF5-F0CD96F2C9D1}.Debug|Any CPU.ActiveCfg = Debug|Any CPU
		{BA5B7A6C-6B69-4F88-9BF5-F0CD96F2C9D1}.Debug|Any CPU.Build.0 = Debug|Any CPU
		{BA5B7A6C-6B69-4F88-9BF5-F0CD96F2C9D1}.Release|Any CPU.ActiveCfg = Release|Any CPU
		{BA5B7A6C-6B69-4F88-9BF5-F0CD96F2C9D1}.Release|Any CPU.Build.0 = Release|Any CPU
	EndGlobalSection
	GlobalSection(SolutionProperties) = preSolution
		HideSolutionNode = FALSE
	EndGlobalSection
	GlobalSection(ExtensibilityGlobals) = postSolution
		SolutionGuid = {1E6BB726-9865-4415-B72C-5620656B9B4A}
	EndGlobalSection
EndGlobal
