
Microsoft Visual Studio Solution File, Format Version 12.00
# Visual Studio Version 17
VisualStudioVersion = 17.3.32929.385
MinimumVisualStudioVersion = 10.0.40219.1
Project("{FAE04EC0-301F-11D3-BF4B-00C04F79EFBC}") = "4-10", "4-10\4-10.csproj", "{A1C26021-6C76-45BD-A73B-BFF8070BB5FC}"
EndProject
Global
	GlobalSection(SolutionConfigurationPlatforms) = preSolution
		Debug|Any CPU = Debug|Any CPU
		Release|Any CPU = Release|Any CPU
	EndGlobalSection
	GlobalSection(ProjectConfigurationPlatforms) = postSolution
		{A1C26021-6C76-45BD-A73B-BFF8070BB5FC}.Debug|Any CPU.ActiveCfg = Debug|Any CPU
		{A1C26021-6C76-45BD-A73B-BFF8070BB5FC}.Debug|Any CPU.Build.0 = Debug|Any CPU
		{A1C26021-6C76-45BD-A73B-BFF8070BB5FC}.Release|Any CPU.ActiveCfg = Release|Any CPU
		{A1C26021-6C76-45BD-A73B-BFF8070BB5FC}.Release|Any CPU.Build.0 = Release|Any CPU
	EndGlobalSection
	GlobalSection(SolutionProperties) = preSolution
		HideSolutionNode = FALSE
	EndGlobalSection
	GlobalSection(ExtensibilityGlobals) = postSolution
		SolutionGuid = {CB3E8217-B855-4CCC-B4F5-A6B0AB48D0F7}
	EndGlobalSection
EndGlobal
