
Microsoft Visual Studio Solution File, Format Version 12.00
# Visual Studio Version 17
VisualStudioVersion = 17.3.32929.385
MinimumVisualStudioVersion = 10.0.40219.1
Project("{FAE04EC0-301F-11D3-BF4B-00C04F79EFBC}") = "work3", "work3\work3.csproj", "{C6543DCF-0D50-4C2F-9B06-A58487BBDEF9}"
EndProject
Global
	GlobalSection(SolutionConfigurationPlatforms) = preSolution
		Debug|Any CPU = Debug|Any CPU
		Release|Any CPU = Release|Any CPU
	EndGlobalSection
	GlobalSection(ProjectConfigurationPlatforms) = postSolution
		{C6543DCF-0D50-4C2F-9B06-A58487BBDEF9}.Debug|Any CPU.ActiveCfg = Debug|Any CPU
		{C6543DCF-0D50-4C2F-9B06-A58487BBDEF9}.Debug|Any CPU.Build.0 = Debug|Any CPU
		{C6543DCF-0D50-4C2F-9B06-A58487BBDEF9}.Release|Any CPU.ActiveCfg = Release|Any CPU
		{C6543DCF-0D50-4C2F-9B06-A58487BBDEF9}.Release|Any CPU.Build.0 = Release|Any CPU
	EndGlobalSection
	GlobalSection(SolutionProperties) = preSolution
		HideSolutionNode = FALSE
	EndGlobalSection
	GlobalSection(ExtensibilityGlobals) = postSolution
		SolutionGuid = {C1CC1FF4-F045-4F63-A784-3E2C0CD30B1F}
	EndGlobalSection
EndGlobal
