
Microsoft Visual Studio Solution File, Format Version 12.00
# Visual Studio Version 17
VisualStudioVersion = 17.3.32929.385
MinimumVisualStudioVersion = 10.0.40219.1
Project("{FAE04EC0-301F-11D3-BF4B-00C04F79EFBC}") = "work4", "work4\work4.csproj", "{EE828824-B8DF-4637-A365-2C21DC69FE82}"
EndProject
Global
	GlobalSection(SolutionConfigurationPlatforms) = preSolution
		Debug|Any CPU = Debug|Any CPU
		Release|Any CPU = Release|Any CPU
	EndGlobalSection
	GlobalSection(ProjectConfigurationPlatforms) = postSolution
		{EE828824-B8DF-4637-A365-2C21DC69FE82}.Debug|Any CPU.ActiveCfg = Debug|Any CPU
		{EE828824-B8DF-4637-A365-2C21DC69FE82}.Debug|Any CPU.Build.0 = Debug|Any CPU
		{EE828824-B8DF-4637-A365-2C21DC69FE82}.Release|Any CPU.ActiveCfg = Release|Any CPU
		{EE828824-B8DF-4637-A365-2C21DC69FE82}.Release|Any CPU.Build.0 = Release|Any CPU
	EndGlobalSection
	GlobalSection(SolutionProperties) = preSolution
		HideSolutionNode = FALSE
	EndGlobalSection
	GlobalSection(ExtensibilityGlobals) = postSolution
		SolutionGuid = {6785BC93-22F6-4D17-97B2-1546DA491704}
	EndGlobalSection
EndGlobal
